// !$*UTF8*$!
{
	archiveVersion = 1;
	classes = {
	};
	objectVersion = 55;
	objects = {

/* Begin PBXBuildFile section */
		EF3959E728BA16EB002BCE24 /* PlayerDataHelperTests.swift in Sources */ = {isa = PBXBuildFile; fileRef = EF3959E628BA16EB002BCE24 /* PlayerDataHelperTests.swift */; };
		EF3959EA28BA2DDB002BCE24 /* Player.swift in Sources */ = {isa = PBXBuildFile; fileRef = EF3959E928BA2DDB002BCE24 /* Player.swift */; };
		EF3959ED28BA2E15002BCE24 /* PlayerTests.swift in Sources */ = {isa = PBXBuildFile; fileRef = EF3959EC28BA2E15002BCE24 /* PlayerTests.swift */; };
		EF3959EF28BA30A9002BCE24 /* Team.swift in Sources */ = {isa = PBXBuildFile; fileRef = EF3959EE28BA30A9002BCE24 /* Team.swift */; };
		EF3959F128BA3218002BCE24 /* TeamTests.swift in Sources */ = {isa = PBXBuildFile; fileRef = EF3959F028BA3218002BCE24 /* TeamTests.swift */; };
		EF3959F428BA3287002BCE24 /* TeamBridge.swift in Sources */ = {isa = PBXBuildFile; fileRef = EF3959F328BA3287002BCE24 /* TeamBridge.swift */; };
		EF3959F728BA32A7002BCE24 /* TeamBridgeTests.swift in Sources */ = {isa = PBXBuildFile; fileRef = EF3959F628BA32A7002BCE24 /* TeamBridgeTests.swift */; };
		EF5926AE28BB7126001B65F1 /* PlayerData.swift in Sources */ = {isa = PBXBuildFile; fileRef = EF5926AD28BB7126001B65F1 /* PlayerData.swift */; };
		EF5926B028BBB408001B65F1 /* PlayerBridge.swift in Sources */ = {isa = PBXBuildFile; fileRef = EF5926AF28BBB408001B65F1 /* PlayerBridge.swift */; };
		EF5926B228BBB4C6001B65F1 /* PlayerBridgeTests.swift in Sources */ = {isa = PBXBuildFile; fileRef = EF5926B128BBB4C6001B65F1 /* PlayerBridgeTests.swift */; };
		EF5988EF28B90BBC00BD0470 /* DataHelperProtocol.swift in Sources */ = {isa = PBXBuildFile; fileRef = EF5988EE28B90BBC00BD0470 /* DataHelperProtocol.swift */; };
		EF5988F128B90C6500BD0470 /* TeamDataHelper.swift in Sources */ = {isa = PBXBuildFile; fileRef = EF5988F028B90C6500BD0470 /* TeamDataHelper.swift */; };
		EF5988F328B90C9500BD0470 /* TeamDataHelperTests.swift in Sources */ = {isa = PBXBuildFile; fileRef = EF5988F228B90C9500BD0470 /* TeamDataHelperTests.swift */; };
		EF5988F628B90E8E00BD0470 /* TeamData.swift in Sources */ = {isa = PBXBuildFile; fileRef = EF5988F528B90E8E00BD0470 /* TeamData.swift */; };
		EF5988F828B9141D00BD0470 /* TeamDataTests.swift in Sources */ = {isa = PBXBuildFile; fileRef = EF5988F728B9141D00BD0470 /* TeamDataTests.swift */; };
		EF5988FB28B915A100BD0470 /* PlayerDataTests.swift in Sources */ = {isa = PBXBuildFile; fileRef = EF5988FA28B915A100BD0470 /* PlayerDataTests.swift */; };
		EF5988FE28B92F6800BD0470 /* PlayerDataHelper.swift in Sources */ = {isa = PBXBuildFile; fileRef = EF5988FD28B92F6800BD0470 /* PlayerDataHelper.swift */; };
		EF7EEF3B28B8F0B400EBA4D8 /* AppDelegate.swift in Sources */ = {isa = PBXBuildFile; fileRef = EF7EEF3A28B8F0B400EBA4D8 /* AppDelegate.swift */; };
		EF7EEF3D28B8F0B400EBA4D8 /* SceneDelegate.swift in Sources */ = {isa = PBXBuildFile; fileRef = EF7EEF3C28B8F0B400EBA4D8 /* SceneDelegate.swift */; };
		EF7EEF3F28B8F0B400EBA4D8 /* MainViewController.swift in Sources */ = {isa = PBXBuildFile; fileRef = EF7EEF3E28B8F0B400EBA4D8 /* MainViewController.swift */; };
		EF7EEF4228B8F0B400EBA4D8 /* Main.storyboard in Resources */ = {isa = PBXBuildFile; fileRef = EF7EEF4028B8F0B400EBA4D8 /* Main.storyboard */; };
		EF7EEF4428B8F0B500EBA4D8 /* Assets.xcassets in Resources */ = {isa = PBXBuildFile; fileRef = EF7EEF4328B8F0B500EBA4D8 /* Assets.xcassets */; };
		EF7EEF4728B8F0B500EBA4D8 /* LaunchScreen.storyboard in Resources */ = {isa = PBXBuildFile; fileRef = EF7EEF4528B8F0B500EBA4D8 /* LaunchScreen.storyboard */; };
		EF7EEF5C28B8F0B500EBA4D8 /* Football_LeageUITests.swift in Sources */ = {isa = PBXBuildFile; fileRef = EF7EEF5B28B8F0B500EBA4D8 /* Football_LeageUITests.swift */; };
		EF7EEF5E28B8F0B500EBA4D8 /* Football_LeageUITestsLaunchTests.swift in Sources */ = {isa = PBXBuildFile; fileRef = EF7EEF5D28B8F0B500EBA4D8 /* Football_LeageUITestsLaunchTests.swift */; };
		EFA5F9A328BCCBCD0099162E /* MainViewControllerTests.swift in Sources */ = {isa = PBXBuildFile; fileRef = EFA5F9A228BCCBCD0099162E /* MainViewControllerTests.swift */; };
		EFA5F9A728BD039D0099162E /* MainDataProvider.swift in Sources */ = {isa = PBXBuildFile; fileRef = EFA5F9A628BD039D0099162E /* MainDataProvider.swift */; };
		EFA5F9AA28BD0BF80099162E /* DataRowCell.swift in Sources */ = {isa = PBXBuildFile; fileRef = EFA5F9A828BD0BF80099162E /* DataRowCell.swift */; };
		EFA5F9AB28BD0BF80099162E /* DataRowCell.xib in Resources */ = {isa = PBXBuildFile; fileRef = EFA5F9A928BD0BF80099162E /* DataRowCell.xib */; };
		EFA5F9AF28BD18050099162E /* MainDataProviderTests.swift in Sources */ = {isa = PBXBuildFile; fileRef = EFA5F9AE28BD18050099162E /* MainDataProviderTests.swift */; };
		EFF2095828C35A62005A800E /* DataRowCellTests.swift in Sources */ = {isa = PBXBuildFile; fileRef = EFF2095728C35A62005A800E /* DataRowCellTests.swift */; };
/* End PBXBuildFile section */

/* Begin PBXContainerItemProxy section */
		EF7EEF4E28B8F0B500EBA4D8 /* PBXContainerItemProxy */ = {
			isa = PBXContainerItemProxy;
			containerPortal = EF7EEF2F28B8F0B300EBA4D8 /* Project object */;
			proxyType = 1;
			remoteGlobalIDString = EF7EEF3628B8F0B400EBA4D8;
			remoteInfo = "Football Leage";
		};
		EF7EEF5828B8F0B500EBA4D8 /* PBXContainerItemProxy */ = {
			isa = PBXContainerItemProxy;
			containerPortal = EF7EEF2F28B8F0B300EBA4D8 /* Project object */;
			proxyType = 1;
			remoteGlobalIDString = EF7EEF3628B8F0B400EBA4D8;
			remoteInfo = "Football Leage";
		};
/* End PBXContainerItemProxy section */

/* Begin PBXFileReference section */
		EF3959E628BA16EB002BCE24 /* PlayerDataHelperTests.swift */ = {isa = PBXFileReference; lastKnownFileType = sourcecode.swift; path = PlayerDataHelperTests.swift; sourceTree = "<group>"; };
		EF3959E928BA2DDB002BCE24 /* Player.swift */ = {isa = PBXFileReference; lastKnownFileType = sourcecode.swift; path = Player.swift; sourceTree = "<group>"; };
		EF3959EC28BA2E15002BCE24 /* PlayerTests.swift */ = {isa = PBXFileReference; lastKnownFileType = sourcecode.swift; path = PlayerTests.swift; sourceTree = "<group>"; };
		EF3959EE28BA30A9002BCE24 /* Team.swift */ = {isa = PBXFileReference; lastKnownFileType = sourcecode.swift; path = Team.swift; sourceTree = "<group>"; };
		EF3959F028BA3218002BCE24 /* TeamTests.swift */ = {isa = PBXFileReference; lastKnownFileType = sourcecode.swift; path = TeamTests.swift; sourceTree = "<group>"; };
		EF3959F328BA3287002BCE24 /* TeamBridge.swift */ = {isa = PBXFileReference; lastKnownFileType = sourcecode.swift; path = TeamBridge.swift; sourceTree = "<group>"; };
		EF3959F628BA32A7002BCE24 /* TeamBridgeTests.swift */ = {isa = PBXFileReference; lastKnownFileType = sourcecode.swift; path = TeamBridgeTests.swift; sourceTree = "<group>"; };
		EF5926AD28BB7126001B65F1 /* PlayerData.swift */ = {isa = PBXFileReference; lastKnownFileType = sourcecode.swift; path = PlayerData.swift; sourceTree = "<group>"; };
		EF5926AF28BBB408001B65F1 /* PlayerBridge.swift */ = {isa = PBXFileReference; lastKnownFileType = sourcecode.swift; path = PlayerBridge.swift; sourceTree = "<group>"; };
		EF5926B128BBB4C6001B65F1 /* PlayerBridgeTests.swift */ = {isa = PBXFileReference; lastKnownFileType = sourcecode.swift; path = PlayerBridgeTests.swift; sourceTree = "<group>"; };
		EF5988EE28B90BBC00BD0470 /* DataHelperProtocol.swift */ = {isa = PBXFileReference; lastKnownFileType = sourcecode.swift; path = DataHelperProtocol.swift; sourceTree = "<group>"; };
		EF5988F028B90C6500BD0470 /* TeamDataHelper.swift */ = {isa = PBXFileReference; lastKnownFileType = sourcecode.swift; path = TeamDataHelper.swift; sourceTree = "<group>"; };
		EF5988F228B90C9500BD0470 /* TeamDataHelperTests.swift */ = {isa = PBXFileReference; lastKnownFileType = sourcecode.swift; path = TeamDataHelperTests.swift; sourceTree = "<group>"; };
		EF5988F528B90E8E00BD0470 /* TeamData.swift */ = {isa = PBXFileReference; lastKnownFileType = sourcecode.swift; path = TeamData.swift; sourceTree = "<group>"; };
		EF5988F728B9141D00BD0470 /* TeamDataTests.swift */ = {isa = PBXFileReference; lastKnownFileType = sourcecode.swift; path = TeamDataTests.swift; sourceTree = "<group>"; };
		EF5988FA28B915A100BD0470 /* PlayerDataTests.swift */ = {isa = PBXFileReference; lastKnownFileType = sourcecode.swift; path = PlayerDataTests.swift; sourceTree = "<group>"; };
		EF5988FD28B92F6800BD0470 /* PlayerDataHelper.swift */ = {isa = PBXFileReference; lastKnownFileType = sourcecode.swift; path = PlayerDataHelper.swift; sourceTree = "<group>"; };
		EF7EEF3728B8F0B400EBA4D8 /* Football Leage.app */ = {isa = PBXFileReference; explicitFileType = wrapper.application; includeInIndex = 0; path = "Football Leage.app"; sourceTree = BUILT_PRODUCTS_DIR; };
		EF7EEF3A28B8F0B400EBA4D8 /* AppDelegate.swift */ = {isa = PBXFileReference; lastKnownFileType = sourcecode.swift; path = AppDelegate.swift; sourceTree = "<group>"; };
		EF7EEF3C28B8F0B400EBA4D8 /* SceneDelegate.swift */ = {isa = PBXFileReference; lastKnownFileType = sourcecode.swift; path = SceneDelegate.swift; sourceTree = "<group>"; };
		EF7EEF3E28B8F0B400EBA4D8 /* MainViewController.swift */ = {isa = PBXFileReference; lastKnownFileType = sourcecode.swift; path = MainViewController.swift; sourceTree = "<group>"; };
		EF7EEF4128B8F0B400EBA4D8 /* Base */ = {isa = PBXFileReference; lastKnownFileType = file.storyboard; name = Base; path = Base.lproj/Main.storyboard; sourceTree = "<group>"; };
		EF7EEF4328B8F0B500EBA4D8 /* Assets.xcassets */ = {isa = PBXFileReference; lastKnownFileType = folder.assetcatalog; path = Assets.xcassets; sourceTree = "<group>"; };
		EF7EEF4628B8F0B500EBA4D8 /* Base */ = {isa = PBXFileReference; lastKnownFileType = file.storyboard; name = Base; path = Base.lproj/LaunchScreen.storyboard; sourceTree = "<group>"; };
		EF7EEF4828B8F0B500EBA4D8 /* Info.plist */ = {isa = PBXFileReference; lastKnownFileType = text.plist.xml; path = Info.plist; sourceTree = "<group>"; };
		EF7EEF4D28B8F0B500EBA4D8 /* Football LeageTests.xctest */ = {isa = PBXFileReference; explicitFileType = wrapper.cfbundle; includeInIndex = 0; path = "Football LeageTests.xctest"; sourceTree = BUILT_PRODUCTS_DIR; };
		EF7EEF5728B8F0B500EBA4D8 /* Football LeageUITests.xctest */ = {isa = PBXFileReference; explicitFileType = wrapper.cfbundle; includeInIndex = 0; path = "Football LeageUITests.xctest"; sourceTree = BUILT_PRODUCTS_DIR; };
		EF7EEF5B28B8F0B500EBA4D8 /* Football_LeageUITests.swift */ = {isa = PBXFileReference; lastKnownFileType = sourcecode.swift; path = Football_LeageUITests.swift; sourceTree = "<group>"; };
		EF7EEF5D28B8F0B500EBA4D8 /* Football_LeageUITestsLaunchTests.swift */ = {isa = PBXFileReference; lastKnownFileType = sourcecode.swift; path = Football_LeageUITestsLaunchTests.swift; sourceTree = "<group>"; };
		EFA5F9A228BCCBCD0099162E /* MainViewControllerTests.swift */ = {isa = PBXFileReference; lastKnownFileType = sourcecode.swift; path = MainViewControllerTests.swift; sourceTree = "<group>"; };
		EFA5F9A628BD039D0099162E /* MainDataProvider.swift */ = {isa = PBXFileReference; lastKnownFileType = sourcecode.swift; path = MainDataProvider.swift; sourceTree = "<group>"; };
		EFA5F9A828BD0BF80099162E /* DataRowCell.swift */ = {isa = PBXFileReference; lastKnownFileType = sourcecode.swift; path = DataRowCell.swift; sourceTree = "<group>"; };
		EFA5F9A928BD0BF80099162E /* DataRowCell.xib */ = {isa = PBXFileReference; lastKnownFileType = file.xib; path = DataRowCell.xib; sourceTree = "<group>"; };
		EFA5F9AE28BD18050099162E /* MainDataProviderTests.swift */ = {isa = PBXFileReference; lastKnownFileType = sourcecode.swift; path = MainDataProviderTests.swift; sourceTree = "<group>"; };
		EFF2095728C35A62005A800E /* DataRowCellTests.swift */ = {isa = PBXFileReference; lastKnownFileType = sourcecode.swift; path = DataRowCellTests.swift; sourceTree = "<group>"; };
/* End PBXFileReference section */

/* Begin PBXFrameworksBuildPhase section */
		EF7EEF3428B8F0B400EBA4D8 /* Frameworks */ = {
			isa = PBXFrameworksBuildPhase;
			buildActionMask = 2147483647;
			files = (
			);
			runOnlyForDeploymentPostprocessing = 0;
		};
		EF7EEF4A28B8F0B500EBA4D8 /* Frameworks */ = {
			isa = PBXFrameworksBuildPhase;
			buildActionMask = 2147483647;
			files = (
			);
			runOnlyForDeploymentPostprocessing = 0;
		};
		EF7EEF5428B8F0B500EBA4D8 /* Frameworks */ = {
			isa = PBXFrameworksBuildPhase;
			buildActionMask = 2147483647;
			files = (
			);
			runOnlyForDeploymentPostprocessing = 0;
		};
/* End PBXFrameworksBuildPhase section */

/* Begin PBXGroup section */
		EF3959E828BA2D9E002BCE24 /* ApplicationLayer */ = {
			isa = PBXGroup;
			children = (
				EF3959E928BA2DDB002BCE24 /* Player.swift */,
				EF3959EE28BA30A9002BCE24 /* Team.swift */,
			);
			path = ApplicationLayer;
			sourceTree = "<group>";
		};
		EF3959EB28BA2DEE002BCE24 /* ApplicationLayerTests */ = {
			isa = PBXGroup;
			children = (
				EF3959EC28BA2E15002BCE24 /* PlayerTests.swift */,
				EF3959F028BA3218002BCE24 /* TeamTests.swift */,
			);
			path = ApplicationLayerTests;
			sourceTree = "<group>";
		};
		EF3959F228BA3278002BCE24 /* BridgeLayer */ = {
			isa = PBXGroup;
			children = (
				EF3959F328BA3287002BCE24 /* TeamBridge.swift */,
				EF5926AF28BBB408001B65F1 /* PlayerBridge.swift */,
			);
			path = BridgeLayer;
			sourceTree = "<group>";
		};
		EF3959F528BA3290002BCE24 /* BridgeLayerTests */ = {
			isa = PBXGroup;
			children = (
				EF3959F628BA32A7002BCE24 /* TeamBridgeTests.swift */,
				EF5926B128BBB4C6001B65F1 /* PlayerBridgeTests.swift */,
			);
			path = BridgeLayerTests;
			sourceTree = "<group>";
		};
		EF5988ED28B90BA500BD0470 /* DataHelperLayer */ = {
			isa = PBXGroup;
			children = (
				EF5988EE28B90BBC00BD0470 /* DataHelperProtocol.swift */,
				EF5988F028B90C6500BD0470 /* TeamDataHelper.swift */,
				EF5988FD28B92F6800BD0470 /* PlayerDataHelper.swift */,
			);
			path = DataHelperLayer;
			sourceTree = "<group>";
		};
		EF5988F428B90E7600BD0470 /* DataModelLayer */ = {
			isa = PBXGroup;
			children = (
				EF5988F528B90E8E00BD0470 /* TeamData.swift */,
				EF5926AD28BB7126001B65F1 /* PlayerData.swift */,
			);
			path = DataModelLayer;
			sourceTree = "<group>";
		};
		EF5988F928B9157F00BD0470 /* DataModelTests */ = {
			isa = PBXGroup;
			children = (
				EF5988F728B9141D00BD0470 /* TeamDataTests.swift */,
				EF5988FA28B915A100BD0470 /* PlayerDataTests.swift */,
			);
			path = DataModelTests;
			sourceTree = "<group>";
		};
		EF5988FC28B91AE300BD0470 /* DataHelperTests */ = {
			isa = PBXGroup;
			children = (
				EF5988F228B90C9500BD0470 /* TeamDataHelperTests.swift */,
				EF3959E628BA16EB002BCE24 /* PlayerDataHelperTests.swift */,
			);
			path = DataHelperTests;
			sourceTree = "<group>";
		};
		EF7EEF2E28B8F0B300EBA4D8 = {
			isa = PBXGroup;
			children = (
				EF7EEF3928B8F0B400EBA4D8 /* Football Leage */,
				EF7EEF5028B8F0B500EBA4D8 /* Football LeageTests */,
				EF7EEF5A28B8F0B500EBA4D8 /* Football LeageUITests */,
				EF7EEF3828B8F0B400EBA4D8 /* Products */,
			);
			sourceTree = "<group>";
		};
		EF7EEF3828B8F0B400EBA4D8 /* Products */ = {
			isa = PBXGroup;
			children = (
				EF7EEF3728B8F0B400EBA4D8 /* Football Leage.app */,
				EF7EEF4D28B8F0B500EBA4D8 /* Football LeageTests.xctest */,
				EF7EEF5728B8F0B500EBA4D8 /* Football LeageUITests.xctest */,
			);
			name = Products;
			sourceTree = "<group>";
		};
		EF7EEF3928B8F0B400EBA4D8 /* Football Leage */ = {
			isa = PBXGroup;
			children = (
				EF3959F228BA3278002BCE24 /* BridgeLayer */,
				EF3959E828BA2D9E002BCE24 /* ApplicationLayer */,
				EF5988F428B90E7600BD0470 /* DataModelLayer */,
				EF5988ED28B90BA500BD0470 /* DataHelperLayer */,
				EF7EEF3A28B8F0B400EBA4D8 /* AppDelegate.swift */,
				EF7EEF3C28B8F0B400EBA4D8 /* SceneDelegate.swift */,
				EFA5F9A628BD039D0099162E /* MainDataProvider.swift */,
				EF7EEF3E28B8F0B400EBA4D8 /* MainViewController.swift */,
				EF7EEF4028B8F0B400EBA4D8 /* Main.storyboard */,
				EF7EEF4328B8F0B500EBA4D8 /* Assets.xcassets */,
				EF7EEF4528B8F0B500EBA4D8 /* LaunchScreen.storyboard */,
				EF7EEF4828B8F0B500EBA4D8 /* Info.plist */,
				EFA5F9A828BD0BF80099162E /* DataRowCell.swift */,
				EFA5F9A928BD0BF80099162E /* DataRowCell.xib */,
			);
			path = "Football Leage";
			sourceTree = "<group>";
		};
		EF7EEF5028B8F0B500EBA4D8 /* Football LeageTests */ = {
			isa = PBXGroup;
			children = (
				EFF2095728C35A62005A800E /* DataRowCellTests.swift */,
				EFA5F9AE28BD18050099162E /* MainDataProviderTests.swift */,
				EFA5F9A228BCCBCD0099162E /* MainViewControllerTests.swift */,
				EF3959F528BA3290002BCE24 /* BridgeLayerTests */,
				EF3959EB28BA2DEE002BCE24 /* ApplicationLayerTests */,
				EF5988FC28B91AE300BD0470 /* DataHelperTests */,
				EF5988F928B9157F00BD0470 /* DataModelTests */,
			);
			path = "Football LeageTests";
			sourceTree = "<group>";
		};
		EF7EEF5A28B8F0B500EBA4D8 /* Football LeageUITests */ = {
			isa = PBXGroup;
			children = (
				EF7EEF5B28B8F0B500EBA4D8 /* Football_LeageUITests.swift */,
				EF7EEF5D28B8F0B500EBA4D8 /* Football_LeageUITestsLaunchTests.swift */,
			);
			path = "Football LeageUITests";
			sourceTree = "<group>";
		};
/* End PBXGroup section */

/* Begin PBXNativeTarget section */
		EF7EEF3628B8F0B400EBA4D8 /* Football Leage */ = {
			isa = PBXNativeTarget;
			buildConfigurationList = EF7EEF6128B8F0B500EBA4D8 /* Build configuration list for PBXNativeTarget "Football Leage" */;
			buildPhases = (
				EF7EEF3328B8F0B400EBA4D8 /* Sources */,
				EF7EEF3428B8F0B400EBA4D8 /* Frameworks */,
				EF7EEF3528B8F0B400EBA4D8 /* Resources */,
				EF3BC12528BDF7BD00D869C4 /* ShellScript */,
			);
			buildRules = (
			);
			dependencies = (
			);
			name = "Football Leage";
			productName = "Football Leage";
			productReference = EF7EEF3728B8F0B400EBA4D8 /* Football Leage.app */;
			productType = "com.apple.product-type.application";
		};
		EF7EEF4C28B8F0B500EBA4D8 /* Football LeageTests */ = {
			isa = PBXNativeTarget;
			buildConfigurationList = EF7EEF6428B8F0B500EBA4D8 /* Build configuration list for PBXNativeTarget "Football LeageTests" */;
			buildPhases = (
				EF7EEF4928B8F0B500EBA4D8 /* Sources */,
				EF7EEF4A28B8F0B500EBA4D8 /* Frameworks */,
				EF7EEF4B28B8F0B500EBA4D8 /* Resources */,
			);
			buildRules = (
			);
			dependencies = (
				EF7EEF4F28B8F0B500EBA4D8 /* PBXTargetDependency */,
			);
			name = "Football LeageTests";
			productName = "Football LeageTests";
			productReference = EF7EEF4D28B8F0B500EBA4D8 /* Football LeageTests.xctest */;
			productType = "com.apple.product-type.bundle.unit-test";
		};
		EF7EEF5628B8F0B500EBA4D8 /* Football LeageUITests */ = {
			isa = PBXNativeTarget;
			buildConfigurationList = EF7EEF6728B8F0B500EBA4D8 /* Build configuration list for PBXNativeTarget "Football LeageUITests" */;
			buildPhases = (
				EF7EEF5328B8F0B500EBA4D8 /* Sources */,
				EF7EEF5428B8F0B500EBA4D8 /* Frameworks */,
				EF7EEF5528B8F0B500EBA4D8 /* Resources */,
			);
			buildRules = (
			);
			dependencies = (
				EF7EEF5928B8F0B500EBA4D8 /* PBXTargetDependency */,
			);
			name = "Football LeageUITests";
			productName = "Football LeageUITests";
			productReference = EF7EEF5728B8F0B500EBA4D8 /* Football LeageUITests.xctest */;
			productType = "com.apple.product-type.bundle.ui-testing";
		};
/* End PBXNativeTarget section */

/* Begin PBXProject section */
		EF7EEF2F28B8F0B300EBA4D8 /* Project object */ = {
			isa = PBXProject;
			attributes = {
				BuildIndependentTargetsInParallel = 1;
				LastSwiftUpdateCheck = 1320;
				LastUpgradeCheck = 1320;
				TargetAttributes = {
					EF7EEF3628B8F0B400EBA4D8 = {
						CreatedOnToolsVersion = 13.2.1;
					};
					EF7EEF4C28B8F0B500EBA4D8 = {
						CreatedOnToolsVersion = 13.2.1;
						LastSwiftMigration = 1320;
						TestTargetID = EF7EEF3628B8F0B400EBA4D8;
					};
					EF7EEF5628B8F0B500EBA4D8 = {
						CreatedOnToolsVersion = 13.2.1;
						TestTargetID = EF7EEF3628B8F0B400EBA4D8;
					};
				};
			};
			buildConfigurationList = EF7EEF3228B8F0B300EBA4D8 /* Build configuration list for PBXProject "Football Leage" */;
			compatibilityVersion = "Xcode 13.0";
			developmentRegion = en;
			hasScannedForEncodings = 0;
			knownRegions = (
				en,
				Base,
			);
			mainGroup = EF7EEF2E28B8F0B300EBA4D8;
			productRefGroup = EF7EEF3828B8F0B400EBA4D8 /* Products */;
			projectDirPath = "";
			projectRoot = "";
			targets = (
				EF7EEF3628B8F0B400EBA4D8 /* Football Leage */,
				EF7EEF4C28B8F0B500EBA4D8 /* Football LeageTests */,
				EF7EEF5628B8F0B500EBA4D8 /* Football LeageUITests */,
			);
		};
/* End PBXProject section */

/* Begin PBXResourcesBuildPhase section */
		EF7EEF3528B8F0B400EBA4D8 /* Resources */ = {
			isa = PBXResourcesBuildPhase;
			buildActionMask = 2147483647;
			files = (
				EF7EEF4728B8F0B500EBA4D8 /* LaunchScreen.storyboard in Resources */,
				EF7EEF4428B8F0B500EBA4D8 /* Assets.xcassets in Resources */,
				EFA5F9AB28BD0BF80099162E /* DataRowCell.xib in Resources */,
				EF7EEF4228B8F0B400EBA4D8 /* Main.storyboard in Resources */,
			);
			runOnlyForDeploymentPostprocessing = 0;
		};
		EF7EEF4B28B8F0B500EBA4D8 /* Resources */ = {
			isa = PBXResourcesBuildPhase;
			buildActionMask = 2147483647;
			files = (
			);
			runOnlyForDeploymentPostprocessing = 0;
		};
		EF7EEF5528B8F0B500EBA4D8 /* Resources */ = {
			isa = PBXResourcesBuildPhase;
			buildActionMask = 2147483647;
			files = (
			);
			runOnlyForDeploymentPostprocessing = 0;
		};
/* End PBXResourcesBuildPhase section */

/* Begin PBXShellScriptBuildPhase section */
		EF3BC12528BDF7BD00D869C4 /* ShellScript */ = {
			isa = PBXShellScriptBuildPhase;
			buildActionMask = 2147483647;
			files = (
			);
			inputFileListPaths = (
			);
			inputPaths = (
			);
			outputFileListPaths = (
			);
			outputPaths = (
			);
			runOnlyForDeploymentPostprocessing = 0;
			shellPath = /bin/sh;
			shellScript = "# Type a script or drag a script file from your workspace to insert its path.\nif [ \"${CONFIGURATION}\" = \"Debug\" ]; then\nswiftlint --config \"$SRCROOT/.swiftlint.yml\"\n\nexport PATH=\"$PATH:/opt/homebrew/bin\"\nif which swiftlint > /dev/null; then\n  swiftlint\nelse\n  echo \"warning: SwiftLint not installed, download from https://github.com/realm/SwiftLint\"\nfi\nfi\n";
		};
/* End PBXShellScriptBuildPhase section */

/* Begin PBXSourcesBuildPhase section */
		EF7EEF3328B8F0B400EBA4D8 /* Sources */ = {
			isa = PBXSourcesBuildPhase;
			buildActionMask = 2147483647;
			files = (
				EFA5F9AA28BD0BF80099162E /* DataRowCell.swift in Sources */,
				EF3959EF28BA30A9002BCE24 /* Team.swift in Sources */,
				EF5988F128B90C6500BD0470 /* TeamDataHelper.swift in Sources */,
				EF7EEF3F28B8F0B400EBA4D8 /* MainViewController.swift in Sources */,
				EF5988EF28B90BBC00BD0470 /* DataHelperProtocol.swift in Sources */,
				EF5988FE28B92F6800BD0470 /* PlayerDataHelper.swift in Sources */,
				EF3959EA28BA2DDB002BCE24 /* Player.swift in Sources */,
				EF7EEF3B28B8F0B400EBA4D8 /* AppDelegate.swift in Sources */,
				EF5926B028BBB408001B65F1 /* PlayerBridge.swift in Sources */,
				EFA5F9A728BD039D0099162E /* MainDataProvider.swift in Sources */,
				EF5926AE28BB7126001B65F1 /* PlayerData.swift in Sources */,
				EF3959F428BA3287002BCE24 /* TeamBridge.swift in Sources */,
				EF5988F628B90E8E00BD0470 /* TeamData.swift in Sources */,
				EF7EEF3D28B8F0B400EBA4D8 /* SceneDelegate.swift in Sources */,
			);
			runOnlyForDeploymentPostprocessing = 0;
		};
		EF7EEF4928B8F0B500EBA4D8 /* Sources */ = {
			isa = PBXSourcesBuildPhase;
			buildActionMask = 2147483647;
			files = (
				EF3959ED28BA2E15002BCE24 /* PlayerTests.swift in Sources */,
				EF5988FB28B915A100BD0470 /* PlayerDataTests.swift in Sources */,
				EF5988F828B9141D00BD0470 /* TeamDataTests.swift in Sources */,
				EFA5F9AF28BD18050099162E /* MainDataProviderTests.swift in Sources */,
				EF3959E728BA16EB002BCE24 /* PlayerDataHelperTests.swift in Sources */,
				EF3959F728BA32A7002BCE24 /* TeamBridgeTests.swift in Sources */,
				EF3959F128BA3218002BCE24 /* TeamTests.swift in Sources */,
				EFF2095828C35A62005A800E /* DataRowCellTests.swift in Sources */,
				EF5988F328B90C9500BD0470 /* TeamDataHelperTests.swift in Sources */,
				EF5926B228BBB4C6001B65F1 /* PlayerBridgeTests.swift in Sources */,
				EFA5F9A328BCCBCD0099162E /* MainViewControllerTests.swift in Sources */,
			);
			runOnlyForDeploymentPostprocessing = 0;
		};
		EF7EEF5328B8F0B500EBA4D8 /* Sources */ = {
			isa = PBXSourcesBuildPhase;
			buildActionMask = 2147483647;
			files = (
				EF7EEF5E28B8F0B500EBA4D8 /* Football_LeageUITestsLaunchTests.swift in Sources */,
				EF7EEF5C28B8F0B500EBA4D8 /* Football_LeageUITests.swift in Sources */,
			);
			runOnlyForDeploymentPostprocessing = 0;
		};
/* End PBXSourcesBuildPhase section */

/* Begin PBXTargetDependency section */
		EF7EEF4F28B8F0B500EBA4D8 /* PBXTargetDependency */ = {
			isa = PBXTargetDependency;
			target = EF7EEF3628B8F0B400EBA4D8 /* Football Leage */;
			targetProxy = EF7EEF4E28B8F0B500EBA4D8 /* PBXContainerItemProxy */;
		};
		EF7EEF5928B8F0B500EBA4D8 /* PBXTargetDependency */ = {
			isa = PBXTargetDependency;
			target = EF7EEF3628B8F0B400EBA4D8 /* Football Leage */;
			targetProxy = EF7EEF5828B8F0B500EBA4D8 /* PBXContainerItemProxy */;
		};
/* End PBXTargetDependency section */

/* Begin PBXVariantGroup section */
		EF7EEF4028B8F0B400EBA4D8 /* Main.storyboard */ = {
			isa = PBXVariantGroup;
			children = (
				EF7EEF4128B8F0B400EBA4D8 /* Base */,
			);
			name = Main.storyboard;
			sourceTree = "<group>";
		};
		EF7EEF4528B8F0B500EBA4D8 /* LaunchScreen.storyboard */ = {
			isa = PBXVariantGroup;
			children = (
				EF7EEF4628B8F0B500EBA4D8 /* Base */,
			);
			name = LaunchScreen.storyboard;
			sourceTree = "<group>";
		};
/* End PBXVariantGroup section */

/* Begin XCBuildConfiguration section */
		EF7EEF5F28B8F0B500EBA4D8 /* Debug */ = {
			isa = XCBuildConfiguration;
			buildSettings = {
				ALWAYS_SEARCH_USER_PATHS = NO;
				CLANG_ANALYZER_NONNULL = YES;
				CLANG_ANALYZER_NUMBER_OBJECT_CONVERSION = YES_AGGRESSIVE;
				CLANG_CXX_LANGUAGE_STANDARD = "gnu++17";
				CLANG_CXX_LIBRARY = "libc++";
				CLANG_ENABLE_MODULES = YES;
				CLANG_ENABLE_OBJC_ARC = YES;
				CLANG_ENABLE_OBJC_WEAK = YES;
				CLANG_WARN_BLOCK_CAPTURE_AUTORELEASING = YES;
				CLANG_WARN_BOOL_CONVERSION = YES;
				CLANG_WARN_COMMA = YES;
				CLANG_WARN_CONSTANT_CONVERSION = YES;
				CLANG_WARN_DEPRECATED_OBJC_IMPLEMENTATIONS = YES;
				CLANG_WARN_DIRECT_OBJC_ISA_USAGE = YES_ERROR;
				CLANG_WARN_DOCUMENTATION_COMMENTS = YES;
				CLANG_WARN_EMPTY_BODY = YES;
				CLANG_WARN_ENUM_CONVERSION = YES;
				CLANG_WARN_INFINITE_RECURSION = YES;
				CLANG_WARN_INT_CONVERSION = YES;
				CLANG_WARN_NON_LITERAL_NULL_CONVERSION = YES;
				CLANG_WARN_OBJC_IMPLICIT_RETAIN_SELF = YES;
				CLANG_WARN_OBJC_LITERAL_CONVERSION = YES;
				CLANG_WARN_OBJC_ROOT_CLASS = YES_ERROR;
				CLANG_WARN_QUOTED_INCLUDE_IN_FRAMEWORK_HEADER = YES;
				CLANG_WARN_RANGE_LOOP_ANALYSIS = YES;
				CLANG_WARN_STRICT_PROTOTYPES = YES;
				CLANG_WARN_SUSPICIOUS_MOVE = YES;
				CLANG_WARN_UNGUARDED_AVAILABILITY = YES_AGGRESSIVE;
				CLANG_WARN_UNREACHABLE_CODE = YES;
				CLANG_WARN__DUPLICATE_METHOD_MATCH = YES;
				COPY_PHASE_STRIP = NO;
				DEBUG_INFORMATION_FORMAT = dwarf;
				ENABLE_STRICT_OBJC_MSGSEND = YES;
				ENABLE_TESTABILITY = YES;
				GCC_C_LANGUAGE_STANDARD = gnu11;
				GCC_DYNAMIC_NO_PIC = NO;
				GCC_NO_COMMON_BLOCKS = YES;
				GCC_OPTIMIZATION_LEVEL = 0;
				GCC_PREPROCESSOR_DEFINITIONS = (
					"DEBUG=1",
					"$(inherited)",
				);
				GCC_WARN_64_TO_32_BIT_CONVERSION = YES;
				GCC_WARN_ABOUT_RETURN_TYPE = YES_ERROR;
				GCC_WARN_UNDECLARED_SELECTOR = YES;
				GCC_WARN_UNINITIALIZED_AUTOS = YES_AGGRESSIVE;
				GCC_WARN_UNUSED_FUNCTION = YES;
				GCC_WARN_UNUSED_VARIABLE = YES;
				IPHONEOS_DEPLOYMENT_TARGET = 15.2;
				MTL_ENABLE_DEBUG_INFO = INCLUDE_SOURCE;
				MTL_FAST_MATH = YES;
				ONLY_ACTIVE_ARCH = YES;
				SDKROOT = iphoneos;
				SWIFT_ACTIVE_COMPILATION_CONDITIONS = DEBUG;
				SWIFT_OPTIMIZATION_LEVEL = "-Onone";
			};
			name = Debug;
		};
		EF7EEF6028B8F0B500EBA4D8 /* Release */ = {
			isa = XCBuildConfiguration;
			buildSettings = {
				ALWAYS_SEARCH_USER_PATHS = NO;
				CLANG_ANALYZER_NONNULL = YES;
				CLANG_ANALYZER_NUMBER_OBJECT_CONVERSION = YES_AGGRESSIVE;
				CLANG_CXX_LANGUAGE_STANDARD = "gnu++17";
				CLANG_CXX_LIBRARY = "libc++";
				CLANG_ENABLE_MODULES = YES;
				CLANG_ENABLE_OBJC_ARC = YES;
				CLANG_ENABLE_OBJC_WEAK = YES;
				CLANG_WARN_BLOCK_CAPTURE_AUTORELEASING = YES;
				CLANG_WARN_BOOL_CONVERSION = YES;
				CLANG_WARN_COMMA = YES;
				CLANG_WARN_CONSTANT_CONVERSION = YES;
				CLANG_WARN_DEPRECATED_OBJC_IMPLEMENTATIONS = YES;
				CLANG_WARN_DIRECT_OBJC_ISA_USAGE = YES_ERROR;
				CLANG_WARN_DOCUMENTATION_COMMENTS = YES;
				CLANG_WARN_EMPTY_BODY = YES;
				CLANG_WARN_ENUM_CONVERSION = YES;
				CLANG_WARN_INFINITE_RECURSION = YES;
				CLANG_WARN_INT_CONVERSION = YES;
				CLANG_WARN_NON_LITERAL_NULL_CONVERSION = YES;
				CLANG_WARN_OBJC_IMPLICIT_RETAIN_SELF = YES;
				CLANG_WARN_OBJC_LITERAL_CONVERSION = YES;
				CLANG_WARN_OBJC_ROOT_CLASS = YES_ERROR;
				CLANG_WARN_QUOTED_INCLUDE_IN_FRAMEWORK_HEADER = YES;
				CLANG_WARN_RANGE_LOOP_ANALYSIS = YES;
				CLANG_WARN_STRICT_PROTOTYPES = YES;
				CLANG_WARN_SUSPICIOUS_MOVE = YES;
				CLANG_WARN_UNGUARDED_AVAILABILITY = YES_AGGRESSIVE;
				CLANG_WARN_UNREACHABLE_CODE = YES;
				CLANG_WARN__DUPLICATE_METHOD_MATCH = YES;
				COPY_PHASE_STRIP = NO;
				DEBUG_INFORMATION_FORMAT = "dwarf-with-dsym";
				ENABLE_NS_ASSERTIONS = NO;
				ENABLE_STRICT_OBJC_MSGSEND = YES;
				GCC_C_LANGUAGE_STANDARD = gnu11;
				GCC_NO_COMMON_BLOCKS = YES;
				GCC_WARN_64_TO_32_BIT_CONVERSION = YES;
				GCC_WARN_ABOUT_RETURN_TYPE = YES_ERROR;
				GCC_WARN_UNDECLARED_SELECTOR = YES;
				GCC_WARN_UNINITIALIZED_AUTOS = YES_AGGRESSIVE;
				GCC_WARN_UNUSED_FUNCTION = YES;
				GCC_WARN_UNUSED_VARIABLE = YES;
				IPHONEOS_DEPLOYMENT_TARGET = 15.2;
				MTL_ENABLE_DEBUG_INFO = NO;
				MTL_FAST_MATH = YES;
				SDKROOT = iphoneos;
				SWIFT_COMPILATION_MODE = wholemodule;
				SWIFT_OPTIMIZATION_LEVEL = "-O";
				VALIDATE_PRODUCT = YES;
			};
			name = Release;
		};
		EF7EEF6228B8F0B500EBA4D8 /* Debug */ = {
			isa = XCBuildConfiguration;
			buildSettings = {
				ASSETCATALOG_COMPILER_APPICON_NAME = AppIcon;
				ASSETCATALOG_COMPILER_GLOBAL_ACCENT_COLOR_NAME = AccentColor;
				CODE_SIGN_STYLE = Automatic;
				CURRENT_PROJECT_VERSION = 1;
				DEVELOPMENT_TEAM = AJ7MW2XDAX;
				GENERATE_INFOPLIST_FILE = YES;
				INFOPLIST_FILE = "Football Leage/Info.plist";
				INFOPLIST_KEY_UIApplicationSupportsIndirectInputEvents = YES;
				INFOPLIST_KEY_UILaunchStoryboardName = LaunchScreen;
				INFOPLIST_KEY_UIMainStoryboardFile = Main;
				INFOPLIST_KEY_UISupportedInterfaceOrientations_iPad = "UIInterfaceOrientationPortrait UIInterfaceOrientationPortraitUpsideDown UIInterfaceOrientationLandscapeLeft UIInterfaceOrientationLandscapeRight";
				INFOPLIST_KEY_UISupportedInterfaceOrientations_iPhone = "UIInterfaceOrientationPortrait UIInterfaceOrientationLandscapeLeft UIInterfaceOrientationLandscapeRight";
				LD_RUNPATH_SEARCH_PATHS = (
					"$(inherited)",
					"@executable_path/Frameworks",
				);
				MARKETING_VERSION = 1.0;
				PRODUCT_BUNDLE_IDENTIFIER = "justme.Football-Leage";
				PRODUCT_NAME = "$(TARGET_NAME)";
				SWIFT_EMIT_LOC_STRINGS = YES;
				SWIFT_VERSION = 5.0;
				TARGETED_DEVICE_FAMILY = "1,2";
			};
			name = Debug;
		};
		EF7EEF6328B8F0B500EBA4D8 /* Release */ = {
			isa = XCBuildConfiguration;
			buildSettings = {
				ASSETCATALOG_COMPILER_APPICON_NAME = AppIcon;
				ASSETCATALOG_COMPILER_GLOBAL_ACCENT_COLOR_NAME = AccentColor;
				CODE_SIGN_STYLE = Automatic;
				CURRENT_PROJECT_VERSION = 1;
				DEVELOPMENT_TEAM = AJ7MW2XDAX;
				GENERATE_INFOPLIST_FILE = YES;
				INFOPLIST_FILE = "Football Leage/Info.plist";
				INFOPLIST_KEY_UIApplicationSupportsIndirectInputEvents = YES;
				INFOPLIST_KEY_UILaunchStoryboardName = LaunchScreen;
				INFOPLIST_KEY_UIMainStoryboardFile = Main;
				INFOPLIST_KEY_UISupportedInterfaceOrientations_iPad = "UIInterfaceOrientationPortrait UIInterfaceOrientationPortraitUpsideDown UIInterfaceOrientationLandscapeLeft UIInterfaceOrientationLandscapeRight";
				INFOPLIST_KEY_UISupportedInterfaceOrientations_iPhone = "UIInterfaceOrientationPortrait UIInterfaceOrientationLandscapeLeft UIInterfaceOrientationLandscapeRight";
				LD_RUNPATH_SEARCH_PATHS = (
					"$(inherited)",
					"@executable_path/Frameworks",
				);
				MARKETING_VERSION = 1.0;
				PRODUCT_BUNDLE_IDENTIFIER = "justme.Football-Leage";
				PRODUCT_NAME = "$(TARGET_NAME)";
				SWIFT_EMIT_LOC_STRINGS = YES;
				SWIFT_VERSION = 5.0;
				TARGETED_DEVICE_FAMILY = "1,2";
			};
			name = Release;
		};
		EF7EEF6528B8F0B500EBA4D8 /* Debug */ = {
			isa = XCBuildConfiguration;
			buildSettings = {
				ALWAYS_EMBED_SWIFT_STANDARD_LIBRARIES = YES;
				BUNDLE_LOADER = "$(TEST_HOST)";
				CLANG_ENABLE_MODULES = YES;
				CODE_SIGN_STYLE = Automatic;
				CURRENT_PROJECT_VERSION = 1;
				DEVELOPMENT_TEAM = AJ7MW2XDAX;
				GENERATE_INFOPLIST_FILE = YES;
				IPHONEOS_DEPLOYMENT_TARGET = 15.2;
				LD_RUNPATH_SEARCH_PATHS = (
					"$(inherited)",
					"@executable_path/Frameworks",
					"@loader_path/Frameworks",
				);
				MARKETING_VERSION = 1.0;
				PRODUCT_BUNDLE_IDENTIFIER = "justme.Football-LeageTests";
				PRODUCT_NAME = "$(TARGET_NAME)";
				SWIFT_EMIT_LOC_STRINGS = NO;
				SWIFT_OPTIMIZATION_LEVEL = "-Onone";
				SWIFT_VERSION = 5.0;
				TARGETED_DEVICE_FAMILY = "1,2";
				TEST_HOST = "$(BUILT_PRODUCTS_DIR)/Football Leage.app/Football Leage";
			};
			name = Debug;
		};
		EF7EEF6628B8F0B500EBA4D8 /* Release */ = {
			isa = XCBuildConfiguration;
			buildSettings = {
				ALWAYS_EMBED_SWIFT_STANDARD_LIBRARIES = YES;
				BUNDLE_LOADER = "$(TEST_HOST)";
				CLANG_ENABLE_MODULES = YES;
				CODE_SIGN_STYLE = Automatic;
				CURRENT_PROJECT_VERSION = 1;
				DEVELOPMENT_TEAM = AJ7MW2XDAX;
				GENERATE_INFOPLIST_FILE = YES;
				IPHONEOS_DEPLOYMENT_TARGET = 15.2;
				LD_RUNPATH_SEARCH_PATHS = (
					"$(inherited)",
					"@executable_path/Frameworks",
					"@loader_path/Frameworks",
				);
				MARKETING_VERSION = 1.0;
				PRODUCT_BUNDLE_IDENTIFIER = "justme.Football-LeageTests";
				PRODUCT_NAME = "$(TARGET_NAME)";
				SWIFT_EMIT_LOC_STRINGS = NO;
				SWIFT_VERSION = 5.0;
				TARGETED_DEVICE_FAMILY = "1,2";
				TEST_HOST = "$(BUILT_PRODUCTS_DIR)/Football Leage.app/Football Leage";
			};
			name = Release;
		};
		EF7EEF6828B8F0B500EBA4D8 /* Debug */ = {
			isa = XCBuildConfiguration;
			buildSettings = {
				ALWAYS_EMBED_SWIFT_STANDARD_LIBRARIES = YES;
				CODE_SIGN_STYLE = Automatic;
				CURRENT_PROJECT_VERSION = 1;
				DEVELOPMENT_TEAM = AJ7MW2XDAX;
				GENERATE_INFOPLIST_FILE = YES;
				MARKETING_VERSION = 1.0;
				PRODUCT_BUNDLE_IDENTIFIER = "justme.Football-LeageUITests";
				PRODUCT_NAME = "$(TARGET_NAME)";
				SWIFT_EMIT_LOC_STRINGS = NO;
				SWIFT_VERSION = 5.0;
				TARGETED_DEVICE_FAMILY = "1,2";
				TEST_TARGET_NAME = "Football Leage";
			};
			name = Debug;
		};
		EF7EEF6928B8F0B500EBA4D8 /* Release */ = {
			isa = XCBuildConfiguration;
			buildSettings = {
				ALWAYS_EMBED_SWIFT_STANDARD_LIBRARIES = YES;
				CODE_SIGN_STYLE = Automatic;
				CURRENT_PROJECT_VERSION = 1;
				DEVELOPMENT_TEAM = AJ7MW2XDAX;
				GENERATE_INFOPLIST_FILE = YES;
				MARKETING_VERSION = 1.0;
				PRODUCT_BUNDLE_IDENTIFIER = "justme.Football-LeageUITests";
				PRODUCT_NAME = "$(TARGET_NAME)";
				SWIFT_EMIT_LOC_STRINGS = NO;
				SWIFT_VERSION = 5.0;
				TARGETED_DEVICE_FAMILY = "1,2";
				TEST_TARGET_NAME = "Football Leage";
			};
			name = Release;
		};
/* End XCBuildConfiguration section */

/* Begin XCConfigurationList section */
		EF7EEF3228B8F0B300EBA4D8 /* Build configuration list for PBXProject "Football Leage" */ = {
			isa = XCConfigurationList;
			buildConfigurations = (
				EF7EEF5F28B8F0B500EBA4D8 /* Debug */,
				EF7EEF6028B8F0B500EBA4D8 /* Release */,
			);
			defaultConfigurationIsVisible = 0;
			defaultConfigurationName = Release;
		};
		EF7EEF6128B8F0B500EBA4D8 /* Build configuration list for PBXNativeTarget "Football Leage" */ = {
			isa = XCConfigurationList;
			buildConfigurations = (
				EF7EEF6228B8F0B500EBA4D8 /* Debug */,
				EF7EEF6328B8F0B500EBA4D8 /* Release */,
			);
			defaultConfigurationIsVisible = 0;
			defaultConfigurationName = Release;
		};
		EF7EEF6428B8F0B500EBA4D8 /* Build configuration list for PBXNativeTarget "Football LeageTests" */ = {
			isa = XCConfigurationList;
			buildConfigurations = (
				EF7EEF6528B8F0B500EBA4D8 /* Debug */,
				EF7EEF6628B8F0B500EBA4D8 /* Release */,
			);
			defaultConfigurationIsVisible = 0;
			defaultConfigurationName = Release;
		};
		EF7EEF6728B8F0B500EBA4D8 /* Build configuration list for PBXNativeTarget "Football LeageUITests" */ = {
			isa = XCConfigurationList;
			buildConfigurations = (
				EF7EEF6828B8F0B500EBA4D8 /* Debug */,
				EF7EEF6928B8F0B500EBA4D8 /* Release */,
			);
			defaultConfigurationIsVisible = 0;
			defaultConfigurationName = Release;
		};
/* End XCConfigurationList section */
	};
	rootObject = EF7EEF2F28B8F0B300EBA4D8 /* Project object */;
}
